
Microsoft Visual Studio Solution File, Format Version 12.00
# Visual Studio 15
VisualStudioVersion = 15.0.28307.1259
MinimumVisualStudioVersion = 10.0.40219.1
Project("{8BC9CEB8-8B4A-11D0-8D11-00A0C91BC942}") = "simple-dxc", "Apps\simple-dxc.vcxproj", "{E472C6E7-16D4-4130-9D5B-FF9ED03AAC57}"
EndProject
Global
	GlobalSection(SolutionConfigurationPlatforms) = preSolution
		Debug|x64 = Debug|x64
		Debug|x86 = Debug|x86
		Release|x64 = Release|x64
		Release|x86 = Release|x86
	EndGlobalSection
	GlobalSection(ProjectConfigurationPlatforms) = postSolution
		{E472C6E7-16D4-4130-9D5B-FF9ED03AAC57}.Debug|x64.ActiveCfg = Debug|x64
		{E472C6E7-16D4-4130-9D5B-FF9ED03AAC57}.Debug|x64.Build.0 = Debug|x64
		{E472C6E7-16D4-4130-9D5B-FF9ED03AAC57}.Debug|x86.ActiveCfg = Debug|Win32
		{E472C6E7-16D4-4130-9D5B-FF9ED03AAC57}.Debug|x86.Build.0 = Debug|Win32
		{E472C6E7-16D4-4130-9D5B-FF9ED03AAC57}.Release|x64.ActiveCfg = Release|x64
		{E472C6E7-16D4-4130-9D5B-FF9ED03AAC57}.Release|x64.Build.0 = Release|x64
		{E472C6E7-16D4-4130-9D5B-FF9ED03AAC57}.Release|x86.ActiveCfg = Release|Win32
		{E472C6E7-16D4-4130-9D5B-FF9ED03AAC57}.Release|x86.Build.0 = Release|Win32
	EndGlobalSection
	GlobalSection(SolutionProperties) = preSolution
		HideSolutionNode = FALSE
	EndGlobalSection
	GlobalSection(ExtensibilityGlobals) = postSolution
		SolutionGuid = {35014A97-D30E-4149-B7FB-74D62F399932}
	EndGlobalSection
EndGlobal
